# This file is automatically @generated by Cargo.
# It is not intended for manual editing.
version = 3

[[package]]
name = "lazy_static"
version = "1.5.0"
source = "registry+https://github.com/rust-lang/crates.io-index"
checksum = "bbd2bcb4c963f2ddae06a2efc7e9f3591312473c50c6685e1f298068316e66fe"

[[package]]
name = "webhex"
version = "0.1.0"
dependencies = [
 "webui-rs",
]

[[package]]
name = "webui-rs"
version = "0.1.0"
source = "git+https://github.com/webui-dev/rust-webui/?branch=main#2c6f3c31ad8a4276e1cf595a056f2dc1932c4db7"
dependencies = [
 "lazy_static",
]
